
Microsoft Visual Studio Solution File, Format Version 12.00
# Visual Studio 15
VisualStudioVersion = 15.0.27428.2037
MinimumVisualStudioVersion = 10.0.40219.1
Project("{FAE04EC0-301F-11D3-BF4B-00C04F79EFBC}") = "ApodApp", "ApodApp\ApodApp.csproj", "{C094A99A-3B1F-47BD-A830-AD9625D3E3C9}"
EndProject
Global
	GlobalSection(SolutionConfigurationPlatforms) = preSolution
		Debug|Any CPU = Debug|Any CPU
		Release|Any CPU = Release|Any CPU
	EndGlobalSection
	GlobalSection(ProjectConfigurationPlatforms) = postSolution
		{C094A99A-3B1F-47BD-A830-AD9625D3E3C9}.Debug|Any CPU.ActiveCfg = Debug|Any CPU
		{C094A99A-3B1F-47BD-A830-AD9625D3E3C9}.Debug|Any CPU.Build.0 = Debug|Any CPU
		{C094A99A-3B1F-47BD-A830-AD9625D3E3C9}.Release|Any CPU.ActiveCfg = Release|Any CPU
		{C094A99A-3B1F-47BD-A830-AD9625D3E3C9}.Release|Any CPU.Build.0 = Release|Any CPU
	EndGlobalSection
	GlobalSection(SolutionProperties) = preSolution
		HideSolutionNode = FALSE
	EndGlobalSection
	GlobalSection(ExtensibilityGlobals) = postSolution
		SolutionGuid = {F4F8055E-3C5A-4281-9005-8D37A341D118}
	EndGlobalSection
EndGlobal
